// !$*UTF8*$!
{
	archiveVersion = 1;
	classes = {
	};
	objectVersion = 46;
	objects = {

/* Begin PBXBuildFile section */
		FCB038AB1C459022004E1DFF /* AppDelegate.swift in Sources */ = {isa = PBXBuildFile; fileRef = FCB038AA1C459022004E1DFF /* AppDelegate.swift */; };
		FCB038AD1C459022004E1DFF /* ViewController.swift in Sources */ = {isa = PBXBuildFile; fileRef = FCB038AC1C459022004E1DFF /* ViewController.swift */; };
		FCB038B01C459022004E1DFF /* Main.storyboard in Resources */ = {isa = PBXBuildFile; fileRef = FCB038AE1C459022004E1DFF /* Main.storyboard */; };
		FCB038B21C459022004E1DFF /* Assets.xcassets in Resources */ = {isa = PBXBuildFile; fileRef = FCB038B11C459022004E1DFF /* Assets.xcassets */; };
		FCB038B51C459022004E1DFF /* LaunchScreen.storyboard in Resources */ = {isa = PBXBuildFile; fileRef = FCB038B31C459022004E1DFF /* LaunchScreen.storyboard */; };
/* End PBXBuildFile section */

/* Begin PBXFileReference section */
		FCB038A71C459022004E1DFF /* enumTut.app */ = {isa = PBXFileReference; explicitFileType = wrapper.application; includeInIndex = 0; path = enumTut.app; sourceTree = BUILT_PRODUCTS_DIR; };
		FCB038AA1C459022004E1DFF /* AppDelegate.swift */ = {isa = PBXFileReference; lastKnownFileType = sourcecode.swift; path = AppDelegate.swift; sourceTree = "<group>"; };
		FCB038AC1C459022004E1DFF /* ViewController.swift */ = {isa = PBXFileReference; lastKnownFileType = sourcecode.swift; path = ViewController.swift; sourceTree = "<group>"; };
		FCB038AF1C459022004E1DFF /* Base */ = {isa = PBXFileReference; lastKnownFileType = file.storyboard; name = Base; path = Base.lproj/Main.storyboard; sourceTree = "<group>"; };
		FCB038B11C459022004E1DFF /* Assets.xcassets */ = {isa = PBXFileReference; lastKnownFileType = folder.assetcatalog; path = Assets.xcassets; sourceTree = "<group>"; };
		FCB038B41C459022004E1DFF /* Base */ = {isa = PBXFileReference; lastKnownFileType = file.storyboard; name = Base; path = Base.lproj/LaunchScreen.storyboard; sourceTree = "<group>"; };
		FCB038B61C459022004E1DFF /* Info.plist */ = {isa = PBXFileReference; lastKnownFileType = text.plist.xml; path = Info.plist; sourceTree = "<group>"; };
/* End PBXFileReference section */

/* Begin PBXFrameworksBuildPhase section */
		FCB038A41C459022004E1DFF /* Frameworks */ = {
			isa = PBXFrameworksBuildPhase;
			buildActionMask = 2147483647;
			files = (
			);
			runOnlyForDeploymentPostprocessing = 0;
		};
/* End PBXFrameworksBuildPhase section */

/* Begin PBXGroup section */
		FCB0389E1C459022004E1DFF = {
			isa = PBXGroup;
			children = (
				FCB038A91C459022004E1DFF /* enumTut */,
				FCB038A81C459022004E1DFF /* Products */,
			);
			sourceTree = "<group>";
		};
		FCB038A81C459022004E1DFF /* Products */ = {
			isa = PBXGroup;
			children = (
				FCB038A71C459022004E1DFF /* enumTut.app */,
			);
			name = Products;
			sourceTree = "<group>";
		};
		FCB038A91C459022004E1DFF /* enumTut */ = {
			isa = PBXGroup;
			children = (
				FCB038AA1C459022004E1DFF /* AppDelegate.swift */,
				FCB038AC1C459022004E1DFF /* ViewController.swift */,
				FCB038AE1C459022004E1DFF /* Main.storyboard */,
				FCB038B11C459022004E1DFF /* Assets.xcassets */,
				FCB038B31C459022004E1DFF /* LaunchScreen.storyboard */,
				FCB038B61C459022004E1DFF /* Info.plist */,
			);
			path = enumTut;
			sourceTree = "<group>";
		};
/* End PBXGroup section */

/* Begin PBXNativeTarget section */
		FCB038A61C459022004E1DFF /* enumTut */ = {
			isa = PBXNativeTarget;
			buildConfigurationList = FCB038B91C459022004E1DFF /* Build configuration list for PBXNativeTarget "enumTut" */;
			buildPhases = (
				FCB038A31C459022004E1DFF /* Sources */,
				FCB038A41C459022004E1DFF /* Frameworks */,
				FCB038A51C459022004E1DFF /* Resources */,
			);
			buildRules = (
			);
			dependencies = (
			);
			name = enumTut;
			productName = enumTut;
			productReference = FCB038A71C459022004E1DFF /* enumTut.app */;
			productType = "com.apple.product-type.application";
		};
/* End PBXNativeTarget section */

/* Begin PBXProject section */
		FCB0389F1C459022004E1DFF /* Project object */ = {
			isa = PBXProject;
			attributes = {
				LastSwiftUpdateCheck = 0720;
				LastUpgradeCheck = 0720;
				ORGANIZATIONNAME = "ciccio boles";
				TargetAttributes = {
					FCB038A61C459022004E1DFF = {
						CreatedOnToolsVersion = 7.2;
					};
				};
			};
			buildConfigurationList = FCB038A21C459022004E1DFF /* Build configuration list for PBXProject "enumTut" */;
			compatibilityVersion = "Xcode 3.2";
			developmentRegion = English;
			hasScannedForEncodings = 0;
			knownRegions = (
				en,
				Base,
			);
			mainGroup = FCB0389E1C459022004E1DFF;
			productRefGroup = FCB038A81C459022004E1DFF /* Products */;
			projectDirPath = "";
			projectRoot = "";
			targets = (
				FCB038A61C459022004E1DFF /* enumTut */,
			);
		};
/* End PBXProject section */

/* Begin PBXResourcesBuildPhase section */
		FCB038A51C459022004E1DFF /* Resources */ = {
			isa = PBXResourcesBuildPhase;
			buildActionMask = 2147483647;
			files = (
				FCB038B51C459022004E1DFF /* LaunchScreen.storyboard in Resources */,
				FCB038B21C459022004E1DFF /* Assets.xcassets in Resources */,
				FCB038B01C459022004E1DFF /* Main.storyboard in Resources */,
			);
			runOnlyForDeploymentPostprocessing = 0;
		};
/* End PBXResourcesBuildPhase section */

/* Begin PBXSourcesBuildPhase section */
		FCB038A31C459022004E1DFF /* Sources */ = {
			isa = PBXSourcesBuildPhase;
			buildActionMask = 2147483647;
			files = (
				FCB038AD1C459022004E1DFF /* ViewController.swift in Sources */,
				FCB038AB1C459022004E1DFF /* AppDelegate.swift in Sources */,
			);
			runOnlyForDeploymentPostprocessing = 0;
		};
/* End PBXSourcesBuildPhase section */

/* Begin PBXVariantGroup section */
		FCB038AE1C459022004E1DFF /* Main.storyboard */ = {
			isa = PBXVariantGroup;
			children = (
				FCB038AF1C459022004E1DFF /* Base */,
			);
			name = Main.storyboard;
			sourceTree = "<group>";
		};
		FCB038B31C459022004E1DFF /* LaunchScreen.storyboard */ = {
			isa = PBXVariantGroup;
			children = (
				FCB038B41C459022004E1DFF /* Base */,
			);
			name = LaunchScreen.storyboard;
			sourceTree = "<group>";
		};
/* End PBXVariantGroup section */

/* Begin XCBuildConfiguration section */
		FCB038B71C459022004E1DFF /* Debug */ = {
			isa = XCBuildConfiguration;
			buildSettings = {
				ALWAYS_SEARCH_USER_PATHS = NO;
				CLANG_CXX_LANGUAGE_STANDARD = "gnu++0x";
				CLANG_CXX_LIBRARY = "libc++";
				CLANG_ENABLE_MODULES = YES;
				CLANG_ENABLE_OBJC_ARC = YES;
				CLANG_WARN_BOOL_CONVERSION = YES;
				CLANG_WARN_CONSTANT_CONVERSION = YES;
				CLANG_WARN_DIRECT_OBJC_ISA_USAGE = YES_ERROR;
				CLANG_WARN_EMPTY_BODY = YES;
				CLANG_WARN_ENUM_CONVERSION = YES;
				CLANG_WARN_INT_CONVERSION = YES;
				CLANG_WARN_OBJC_ROOT_CLASS = YES_ERROR;
				CLANG_WARN_UNREACHABLE_CODE = YES;
				CLANG_WARN__DUPLICATE_METHOD_MATCH = YES;
				"CODE_SIGN_IDENTITY[sdk=iphoneos*]" = "iPhone Developer";
				COPY_PHASE_STRIP = NO;
				DEBUG_INFORMATION_FORMAT = dwarf;
				ENABLE_STRICT_OBJC_MSGSEND = YES;
				ENABLE_TESTABILITY = YES;
				GCC_C_LANGUAGE_STANDARD = gnu99;
				GCC_DYNAMIC_NO_PIC = NO;
				GCC_NO_COMMON_BLOCKS = YES;
				GCC_OPTIMIZATION_LEVEL = 0;
				GCC_PREPROCESSOR_DEFINITIONS = (
					"DEBUG=1",
					"$(inherited)",
				);
				GCC_WARN_64_TO_32_BIT_CONVERSION = YES;
				GCC_WARN_ABOUT_RETURN_TYPE = YES_ERROR;
				GCC_WARN_UNDECLARED_SELECTOR = YES;
				GCC_WARN_UNINITIALIZED_AUTOS = YES_AGGRESSIVE;
				GCC_WARN_UNUSED_FUNCTION = YES;
				GCC_WARN_UNUSED_VARIABLE = YES;
				IPHONEOS_DEPLOYMENT_TARGET = 9.2;
				MTL_ENABLE_DEBUG_INFO = YES;
				ONLY_ACTIVE_ARCH = YES;
				SDKROOT = iphoneos;
				SWIFT_OPTIMIZATION_LEVEL = "-Onone";
				TARGETED_DEVICE_FAMILY = "1,2";
			};
			name = Debug;
		};
		FCB038B81C459022004E1DFF /* Release */ = {
			isa = XCBuildConfiguration;
			buildSettings = {
				ALWAYS_SEARCH_USER_PATHS = NO;
				CLANG_CXX_LANGUAGE_STANDARD = "gnu++0x";
				CLANG_CXX_LIBRARY = "libc++";
				CLANG_ENABLE_MODULES = YES;
				CLANG_ENABLE_OBJC_ARC = YES;
				CLANG_WARN_BOOL_CONVERSION = YES;
				CLANG_WARN_CONSTANT_CONVERSION = YES;
				CLANG_WARN_DIRECT_OBJC_ISA_USAGE = YES_ERROR;
				CLANG_WARN_EMPTY_BODY = YES;
				CLANG_WARN_ENUM_CONVERSION = YES;
				CLANG_WARN_INT_CONVERSION = YES;
				CLANG_WARN_OBJC_ROOT_CLASS = YES_ERROR;
				CLANG_WARN_UNREACHABLE_CODE = YES;
				CLANG_WARN__DUPLICATE_METHOD_MATCH = YES;
				"CODE_SIGN_IDENTITY[sdk=iphoneos*]" = "iPhone Developer";
				COPY_PHASE_STRIP = NO;
				DEBUG_INFORMATION_FORMAT = "dwarf-with-dsym";
				ENABLE_NS_ASSERTIONS = NO;
				ENABLE_STRICT_OBJC_MSGSEND = YES;
				GCC_C_LANGUAGE_STANDARD = gnu99;
				GCC_NO_COMMON_BLOCKS = YES;
				GCC_WARN_64_TO_32_BIT_CONVERSION = YES;
				GCC_WARN_ABOUT_RETURN_TYPE = YES_ERROR;
				GCC_WARN_UNDECLARED_SELECTOR = YES;
				GCC_WARN_UNINITIALIZED_AUTOS = YES_AGGRESSIVE;
				GCC_WARN_UNUSED_FUNCTION = YES;
				GCC_WARN_UNUSED_VARIABLE = YES;
				IPHONEOS_DEPLOYMENT_TARGET = 9.2;
				MTL_ENABLE_DEBUG_INFO = NO;
				SDKROOT = iphoneos;
				TARGETED_DEVICE_FAMILY = "1,2";
				VALIDATE_PRODUCT = YES;
			};
			name = Release;
		};
		FCB038BA1C459022004E1DFF /* Debug */ = {
			isa = XCBuildConfiguration;
			buildSettings = {
				ASSETCATALOG_COMPILER_APPICON_NAME = AppIcon;
				INFOPLIST_FILE = enumTut/Info.plist;
				LD_RUNPATH_SEARCH_PATHS = "$(inherited) @executable_path/Frameworks";
				PRODUCT_BUNDLE_IDENTIFIER = com.ciccio.enumTut;
				PRODUCT_NAME = "$(TARGET_NAME)";
			};
			name = Debug;
		};
		FCB038BB1C459022004E1DFF /* Release */ = {
			isa = XCBuildConfiguration;
			buildSettings = {
				ASSETCATALOG_COMPILER_APPICON_NAME = AppIcon;
				INFOPLIST_FILE = enumTut/Info.plist;
				LD_RUNPATH_SEARCH_PATHS = "$(inherited) @executable_path/Frameworks";
				PRODUCT_BUNDLE_IDENTIFIER = com.ciccio.enumTut;
				PRODUCT_NAME = "$(TARGET_NAME)";
			};
			name = Release;
		};
/* End XCBuildConfiguration section */

/* Begin XCConfigurationList section */
		FCB038A21C459022004E1DFF /* Build configuration list for PBXProject "enumTut" */ = {
			isa = XCConfigurationList;
			buildConfigurations = (
				FCB038B71C459022004E1DFF /* Debug */,
				FCB038B81C459022004E1DFF /* Release */,
			);
			defaultConfigurationIsVisible = 0;
			defaultConfigurationName = Release;
		};
		FCB038B91C459022004E1DFF /* Build configuration list for PBXNativeTarget "enumTut" */ = {
			isa = XCConfigurationList;
			buildConfigurations = (
				FCB038BA1C459022004E1DFF /* Debug */,
				FCB038BB1C459022004E1DFF /* Release */,
			);
			defaultConfigurationIsVisible = 0;
		};
/* End XCConfigurationList section */
	};
	rootObject = FCB0389F1C459022004E1DFF /* Project object */;
}
